
Microsoft Visual Studio Solution File, Format Version 12.00
# Visual Studio 14
VisualStudioVersion = 14.0.25123.0
MinimumVisualStudioVersion = 10.0.40219.1
Project("{FAE04EC0-301F-11D3-BF4B-00C04F79EFBC}") = "Megabot", "Megabot\Megabot.csproj", "{21567C2E-E874-4DCF-B49E-2E27E036826C}"
EndProject
Project("{FAE04EC0-301F-11D3-BF4B-00C04F79EFBC}") = "Megabot.Tests", "Megabot.Tests\Megabot.Tests.csproj", "{09F824BE-4284-4B82-A616-18A3609D8BBF}"
EndProject
Global
	GlobalSection(SolutionConfigurationPlatforms) = preSolution
		Debug|Any CPU = Debug|Any CPU
		Release|Any CPU = Release|Any CPU
	EndGlobalSection
	GlobalSection(ProjectConfigurationPlatforms) = postSolution
		{21567C2E-E874-4DCF-B49E-2E27E036826C}.Debug|Any CPU.ActiveCfg = Debug|Any CPU
		{21567C2E-E874-4DCF-B49E-2E27E036826C}.Debug|Any CPU.Build.0 = Debug|Any CPU
		{21567C2E-E874-4DCF-B49E-2E27E036826C}.Release|Any CPU.ActiveCfg = Release|Any CPU
		{21567C2E-E874-4DCF-B49E-2E27E036826C}.Release|Any CPU.Build.0 = Release|Any CPU
		{09F824BE-4284-4B82-A616-18A3609D8BBF}.Debug|Any CPU.ActiveCfg = Debug|Any CPU
		{09F824BE-4284-4B82-A616-18A3609D8BBF}.Debug|Any CPU.Build.0 = Debug|Any CPU
		{09F824BE-4284-4B82-A616-18A3609D8BBF}.Release|Any CPU.ActiveCfg = Release|Any CPU
		{09F824BE-4284-4B82-A616-18A3609D8BBF}.Release|Any CPU.Build.0 = Release|Any CPU
	EndGlobalSection
	GlobalSection(SolutionProperties) = preSolution
		HideSolutionNode = FALSE
	EndGlobalSection
EndGlobal
